github.com/dhowden/tag v0.0.0-20240417053706-3d75831295e8 h1:OtSeLS5y0Uy01jaKK4mA/WVIYtpzVm63vLVAPzJXigg=
github.com/dhowden/tag v0.0.0-20240417053706-3d75831295e8/go.mod h1:apkPC/CR3s48O2D7Y++n1XWEpgPNNCjXYga3PPbJe2E=
github.com/go-flac/flacvorbis v0.2.0 h1:KH0xjpkNTXFER4cszH4zeJxYcrHbUobz/RticWGOESs=
github.com/go-flac/flacvorbis v0.2.0/go.mod h1:uIysHOtuU7OLGoCRG92bvnkg7QEqHx19qKRV6K1pBrI=
github.com/go-flac/go-flac v1.0.0 h1:6qI9XOVLcO50xpzm3nXvO31BgDgHhnr/p/rER/K/doY=
github.com/go-flac/go-flac v1.0.0/go.mod h1:WnZhcpmq4u1UdZMNn9LYSoASpWOCMOoxXxcWEHSzkW8=
